
Microsoft Visual Studio Solution File, Format Version 12.00
# Visual Studio Version 17
VisualStudioVersion = 17.2.32526.322
MinimumVisualStudioVersion = 10.0.40219.1
Project("{FAE04EC0-301F-11D3-BF4B-00C04F79EFBC}") = "CSharp20", "CSharp20\CSharp20.csproj", "{C686F79C-B429-4F94-84E2-7F02C57D7328}"
EndProject
Global
	GlobalSection(SolutionConfigurationPlatforms) = preSolution
		Debug|Any CPU = Debug|Any CPU
		Release|Any CPU = Release|Any CPU
	EndGlobalSection
	GlobalSection(ProjectConfigurationPlatforms) = postSolution
		{C686F79C-B429-4F94-84E2-7F02C57D7328}.Debug|Any CPU.ActiveCfg = Debug|Any CPU
		{C686F79C-B429-4F94-84E2-7F02C57D7328}.Debug|Any CPU.Build.0 = Debug|Any CPU
		{C686F79C-B429-4F94-84E2-7F02C57D7328}.Release|Any CPU.ActiveCfg = Release|Any CPU
		{C686F79C-B429-4F94-84E2-7F02C57D7328}.Release|Any CPU.Build.0 = Release|Any CPU
	EndGlobalSection
	GlobalSection(SolutionProperties) = preSolution
		HideSolutionNode = FALSE
	EndGlobalSection
	GlobalSection(ExtensibilityGlobals) = postSolution
		SolutionGuid = {74FAF69F-D239-4D61-BF5B-0C854484B54A}
	EndGlobalSection
EndGlobal
